
Microsoft Visual Studio Solution File, Format Version 12.00
# Visual Studio 15
Project("{FAE04EC0-301F-11D3-BF4B-00C04F79EFBC}") = "Assembly-CSharp-firstpass", "Assembly-CSharp-firstpass.csproj", "{F550AB83-5845-FB10-531C-71E77C325449}"
EndProject
Project("{FAE04EC0-301F-11D3-BF4B-00C04F79EFBC}") = "Assembly-CSharp", "Assembly-CSharp.csproj", "{0BF26DBF-B77A-4AC3-B237-2A18E7AF48C3}"
EndProject
Project("{FAE04EC0-301F-11D3-BF4B-00C04F79EFBC}") = "Assembly-CSharp-Editor-firstpass", "Assembly-CSharp-Editor-firstpass.csproj", "{4CD428FF-4EFA-7573-2E30-DAC892AFD87B}"
EndProject
Project("{FAE04EC0-301F-11D3-BF4B-00C04F79EFBC}") = "Assembly-CSharp-Editor", "Assembly-CSharp-Editor.csproj", "{8B910D12-1FAC-3259-49E8-EA96FAD33682}"
EndProject
Global
	GlobalSection(SolutionConfigurationPlatforms) = preSolution
		Debug|Any CPU = Debug|Any CPU
		Release|Any CPU = Release|Any CPU
	EndGlobalSection
	GlobalSection(ProjectConfigurationPlatforms) = postSolution
		{F550AB83-5845-FB10-531C-71E77C325449}.Debug|Any CPU.ActiveCfg = Debug|Any CPU
		{F550AB83-5845-FB10-531C-71E77C325449}.Debug|Any CPU.Build.0 = Debug|Any CPU
		{F550AB83-5845-FB10-531C-71E77C325449}.Release|Any CPU.ActiveCfg = Release|Any CPU
		{F550AB83-5845-FB10-531C-71E77C325449}.Release|Any CPU.Build.0 = Release|Any CPU
		{0BF26DBF-B77A-4AC3-B237-2A18E7AF48C3}.Debug|Any CPU.ActiveCfg = Debug|Any CPU
		{0BF26DBF-B77A-4AC3-B237-2A18E7AF48C3}.Debug|Any CPU.Build.0 = Debug|Any CPU
		{0BF26DBF-B77A-4AC3-B237-2A18E7AF48C3}.Release|Any CPU.ActiveCfg = Release|Any CPU
		{0BF26DBF-B77A-4AC3-B237-2A18E7AF48C3}.Release|Any CPU.Build.0 = Release|Any CPU
		{4CD428FF-4EFA-7573-2E30-DAC892AFD87B}.Debug|Any CPU.ActiveCfg = Debug|Any CPU
		{4CD428FF-4EFA-7573-2E30-DAC892AFD87B}.Debug|Any CPU.Build.0 = Debug|Any CPU
		{4CD428FF-4EFA-7573-2E30-DAC892AFD87B}.Release|Any CPU.ActiveCfg = Release|Any CPU
		{4CD428FF-4EFA-7573-2E30-DAC892AFD87B}.Release|Any CPU.Build.0 = Release|Any CPU
		{8B910D12-1FAC-3259-49E8-EA96FAD33682}.Debug|Any CPU.ActiveCfg = Debug|Any CPU
		{8B910D12-1FAC-3259-49E8-EA96FAD33682}.Debug|Any CPU.Build.0 = Debug|Any CPU
		{8B910D12-1FAC-3259-49E8-EA96FAD33682}.Release|Any CPU.ActiveCfg = Release|Any CPU
		{8B910D12-1FAC-3259-49E8-EA96FAD33682}.Release|Any CPU.Build.0 = Release|Any CPU
	EndGlobalSection
	GlobalSection(SolutionProperties) = preSolution
		HideSolutionNode = FALSE
	EndGlobalSection
EndGlobal
